
Microsoft Visual Studio Solution File, Format Version 12.00
# Visual Studio Version 16
VisualStudioVersion = 16.0.31605.320
MinimumVisualStudioVersion = 10.0.40219.1
Project("{FAE04EC0-301F-11D3-BF4B-00C04F79EFBC}") = "Calculator", "Calculator\Calculator.csproj", "{9D07B500-8247-41F7-AFA8-8854AB77517E}"
EndProject
Global
	GlobalSection(SolutionConfigurationPlatforms) = preSolution
		Debug|Any CPU = Debug|Any CPU
		Release|Any CPU = Release|Any CPU
	EndGlobalSection
	GlobalSection(ProjectConfigurationPlatforms) = postSolution
		{9D07B500-8247-41F7-AFA8-8854AB77517E}.Debug|Any CPU.ActiveCfg = Debug|Any CPU
		{9D07B500-8247-41F7-AFA8-8854AB77517E}.Debug|Any CPU.Build.0 = Debug|Any CPU
		{9D07B500-8247-41F7-AFA8-8854AB77517E}.Release|Any CPU.ActiveCfg = Release|Any CPU
		{9D07B500-8247-41F7-AFA8-8854AB77517E}.Release|Any CPU.Build.0 = Release|Any CPU
	EndGlobalSection
	GlobalSection(SolutionProperties) = preSolution
		HideSolutionNode = FALSE
	EndGlobalSection
	GlobalSection(ExtensibilityGlobals) = postSolution
		SolutionGuid = {A3CEDA5E-3D16-4621-AA85-D4F01A89091D}
	EndGlobalSection
EndGlobal
